// !$*UTF8*$!
{
	archiveVersion = 1;
	classes = {
	};
	objectVersion = 56;
	objects = {

/* Begin PBXBuildFile section */
		180EEC4128FBF96300D2FEE9 /* ArtistsTableViewController.swift in Sources */ = {isa = PBXBuildFile; fileRef = 180EEC4028FBF96300D2FEE9 /* ArtistsTableViewController.swift */; };
		180EEC4828FC030900D2FEE9 /* ArtistTableViewCell.swift in Sources */ = {isa = PBXBuildFile; fileRef = 180EEC4628FC030900D2FEE9 /* ArtistTableViewCell.swift */; };
		180EEC4928FC030900D2FEE9 /* ArtistTableViewCell.xib in Resources */ = {isa = PBXBuildFile; fileRef = 180EEC4728FC030900D2FEE9 /* ArtistTableViewCell.xib */; };
		180EEC4F28FC571800D2FEE9 /* AlbumsCollectionViewController.swift in Sources */ = {isa = PBXBuildFile; fileRef = 180EEC4E28FC571800D2FEE9 /* AlbumsCollectionViewController.swift */; };
		180EEC5228FC575000D2FEE9 /* AlbumCollectionViewCell.swift in Sources */ = {isa = PBXBuildFile; fileRef = 180EEC5028FC575000D2FEE9 /* AlbumCollectionViewCell.swift */; };
		180EEC5328FC575000D2FEE9 /* AlbumCollectionViewCell.xib in Resources */ = {isa = PBXBuildFile; fileRef = 180EEC5128FC575000D2FEE9 /* AlbumCollectionViewCell.xib */; };
		180EEC5528FC5A3A00D2FEE9 /* AlbumFB.swift in Sources */ = {isa = PBXBuildFile; fileRef = 180EEC5428FC5A3A00D2FEE9 /* AlbumFB.swift */; };
		18130AEE28E44082000FCD54 /* NetworkService.swift in Sources */ = {isa = PBXBuildFile; fileRef = 18130AED28E44082000FCD54 /* NetworkService.swift */; };
		18130AF028E44D6F000FCD54 /* NetworkDataFetcher.swift in Sources */ = {isa = PBXBuildFile; fileRef = 18130AEF28E44D6F000FCD54 /* NetworkDataFetcher.swift */; };
		18130AF228E4515D000FCD54 /* DataFetcherService.swift in Sources */ = {isa = PBXBuildFile; fileRef = 18130AF128E4515D000FCD54 /* DataFetcherService.swift */; };
		18130AF528E4532E000FCD54 /* SearchTableViewController.swift in Sources */ = {isa = PBXBuildFile; fileRef = 18130AF428E4532E000FCD54 /* SearchTableViewController.swift */; };
		1821B10B28FEC61C0084E572 /* AddAlbumViewController.swift in Sources */ = {isa = PBXBuildFile; fileRef = 1821B10A28FEC61C0084E572 /* AddAlbumViewController.swift */; };
		1860484428EB1E38007F4A93 /* TrackFB.swift in Sources */ = {isa = PBXBuildFile; fileRef = 1860484328EB1E38007F4A93 /* TrackFB.swift */; };
		18680D9B28E84315001DF00D /* VerificationService.swift in Sources */ = {isa = PBXBuildFile; fileRef = 18680D9A28E84315001DF00D /* VerificationService.swift */; };
		18680D9D28E843E0001DF00D /* PasswordDifficult.swift in Sources */ = {isa = PBXBuildFile; fileRef = 18680D9C28E843E0001DF00D /* PasswordDifficult.swift */; };
		18680D9F28E8867E001DF00D /* GoogleService-Info.plist in Resources */ = {isa = PBXBuildFile; fileRef = 18680D9E28E8867D001DF00D /* GoogleService-Info.plist */; };
		1872835B28E74EC90064278A /* SignIn.storyboard in Resources */ = {isa = PBXBuildFile; fileRef = 1872835A28E74EC90064278A /* SignIn.storyboard */; };
		1872835F28E758400064278A /* SignInViewController.swift in Sources */ = {isa = PBXBuildFile; fileRef = 1872835E28E758400064278A /* SignInViewController.swift */; };
		1872836128E75C700064278A /* SignUp.storyboard in Resources */ = {isa = PBXBuildFile; fileRef = 1872836028E75C700064278A /* SignUp.storyboard */; };
		1872836328E75CA90064278A /* SignUpViewController.swift in Sources */ = {isa = PBXBuildFile; fileRef = 1872836228E75CA90064278A /* SignUpViewController.swift */; };
		1876014C28E34C0B000223CD /* Audio.swift in Sources */ = {isa = PBXBuildFile; fileRef = 1876014B28E34C0B000223CD /* Audio.swift */; };
		1876014E28E34C46000223CD /* ItemInfo.swift in Sources */ = {isa = PBXBuildFile; fileRef = 1876014D28E34C46000223CD /* ItemInfo.swift */; };
		1876015028E34C50000223CD /* Track.swift in Sources */ = {isa = PBXBuildFile; fileRef = 1876014F28E34C50000223CD /* Track.swift */; };
		1876015228E34C59000223CD /* Album.swift in Sources */ = {isa = PBXBuildFile; fileRef = 1876015128E34C59000223CD /* Album.swift */; };
		1876015428E34C61000223CD /* Images.swift in Sources */ = {isa = PBXBuildFile; fileRef = 1876015328E34C61000223CD /* Images.swift */; };
		1876015628E34C6C000223CD /* Artists.swift in Sources */ = {isa = PBXBuildFile; fileRef = 1876015528E34C6C000223CD /* Artists.swift */; };
		1876015D28E35085000223CD /* Constants.swift in Sources */ = {isa = PBXBuildFile; fileRef = 1876015C28E35085000223CD /* Constants.swift */; };
		1885D0CA28ED846300288CA4 /* DetailTrack.storyboard in Resources */ = {isa = PBXBuildFile; fileRef = 1885D0C928ED846300288CA4 /* DetailTrack.storyboard */; };
		1885D0CC28ED888D00288CA4 /* DetailTrackViewController.swift in Sources */ = {isa = PBXBuildFile; fileRef = 1885D0CB28ED888D00288CA4 /* DetailTrackViewController.swift */; };
		1885D0CF28EDA9D500288CA4 /* TextFieldExtension.swift in Sources */ = {isa = PBXBuildFile; fileRef = 1885D0CE28EDA9D500288CA4 /* TextFieldExtension.swift */; };
		1885D0D128EDD70E00288CA4 /* ResponseCacheManager.swift in Sources */ = {isa = PBXBuildFile; fileRef = 1885D0D028EDD70E00288CA4 /* ResponseCacheManager.swift */; };
		1885D0D328EDD73B00288CA4 /* ImageCacheManager.swift in Sources */ = {isa = PBXBuildFile; fileRef = 1885D0D228EDD73B00288CA4 /* ImageCacheManager.swift */; };
		1894E35228F721EE00ED403F /* SongsTableViewController.swift in Sources */ = {isa = PBXBuildFile; fileRef = 1894E35128F721EE00ED403F /* SongsTableViewController.swift */; };
		1898336228EC359300558234 /* File.rtf in Resources */ = {isa = PBXBuildFile; fileRef = 1898336128EC359300558234 /* File.rtf */; };
		1898336428EC361E00558234 /* FireBaseStorageService.swift in Sources */ = {isa = PBXBuildFile; fileRef = 1898336328EC361E00558234 /* FireBaseStorageService.swift */; };
		1898336928EC406400558234 /* BaseViewController.swift in Sources */ = {isa = PBXBuildFile; fileRef = 1898336828EC406400558234 /* BaseViewController.swift */; };
		1898336B28EC447D00558234 /* SignUpMessageViewController.swift in Sources */ = {isa = PBXBuildFile; fileRef = 1898336A28EC447D00558234 /* SignUpMessageViewController.swift */; };
		18B66C6C28DC7343000D5F79 /* AppDelegate.swift in Sources */ = {isa = PBXBuildFile; fileRef = 18B66C6B28DC7343000D5F79 /* AppDelegate.swift */; };
		18B66C6E28DC7343000D5F79 /* SceneDelegate.swift in Sources */ = {isa = PBXBuildFile; fileRef = 18B66C6D28DC7343000D5F79 /* SceneDelegate.swift */; };
		18B66C7328DC7343000D5F79 /* Main.storyboard in Resources */ = {isa = PBXBuildFile; fileRef = 18B66C7128DC7343000D5F79 /* Main.storyboard */; };
		18B66C7528DC7346000D5F79 /* Assets.xcassets in Resources */ = {isa = PBXBuildFile; fileRef = 18B66C7428DC7346000D5F79 /* Assets.xcassets */; };
		18B66C7828DC7346000D5F79 /* LaunchScreen.storyboard in Resources */ = {isa = PBXBuildFile; fileRef = 18B66C7628DC7346000D5F79 /* LaunchScreen.storyboard */; };
		18D20D2628E45FAF00A758CC /* LocalStorage.swift in Sources */ = {isa = PBXBuildFile; fileRef = 18D20D2528E45FAF00A758CC /* LocalStorage.swift */; };
		18D20D2A28E4654F00A758CC /* SearchTableViewCell.swift in Sources */ = {isa = PBXBuildFile; fileRef = 18D20D2828E4654F00A758CC /* SearchTableViewCell.swift */; };
		18D20D2B28E4654F00A758CC /* SearchTableViewCell.xib in Resources */ = {isa = PBXBuildFile; fileRef = 18D20D2928E4654F00A758CC /* SearchTableViewCell.xib */; };
		18D20D2E28E49B8A00A758CC /* Alamofire in Frameworks */ = {isa = PBXBuildFile; productRef = 18D20D2D28E49B8A00A758CC /* Alamofire */; };
		18D20D3128E49BB800A758CC /* AlamofireImage in Frameworks */ = {isa = PBXBuildFile; productRef = 18D20D3028E49BB800A758CC /* AlamofireImage */; };
		18D51B7828F0488E00CCAE4A /* MediaPlayer.swift in Sources */ = {isa = PBXBuildFile; fileRef = 18D51B7728F0488E00CCAE4A /* MediaPlayer.swift */; };
		18D51B7B28F1E9C100CCAE4A /* LibraryViewController.swift in Sources */ = {isa = PBXBuildFile; fileRef = 18D51B7A28F1E9C100CCAE4A /* LibraryViewController.swift */; };
		18EC915528F6B840006B5B66 /* LibraryTableViewCell.swift in Sources */ = {isa = PBXBuildFile; fileRef = 18EC915328F6B840006B5B66 /* LibraryTableViewCell.swift */; };
		18EC915628F6B840006B5B66 /* LibraryTableViewCell.xib in Resources */ = {isa = PBXBuildFile; fileRef = 18EC915428F6B840006B5B66 /* LibraryTableViewCell.xib */; };
		18EC915928F6C0D4006B5B66 /* RecenltyAddedCollectionViewCell.swift in Sources */ = {isa = PBXBuildFile; fileRef = 18EC915728F6C0D4006B5B66 /* RecenltyAddedCollectionViewCell.swift */; };
		18EC915A28F6C0D4006B5B66 /* RecenltyAddedCollectionViewCell.xib in Resources */ = {isa = PBXBuildFile; fileRef = 18EC915828F6C0D4006B5B66 /* RecenltyAddedCollectionViewCell.xib */; };
		66A3740E667DA92D067CD6BB /* Pods_Half_Music_App.framework in Frameworks */ = {isa = PBXBuildFile; fileRef = 04952DE828580D219A24B86F /* Pods_Half_Music_App.framework */; };
/* End PBXBuildFile section */

/* Begin PBXFileReference section */
		04952DE828580D219A24B86F /* Pods_Half_Music_App.framework */ = {isa = PBXFileReference; explicitFileType = wrapper.framework; includeInIndex = 0; path = Pods_Half_Music_App.framework; sourceTree = BUILT_PRODUCTS_DIR; };
		180EEC4028FBF96300D2FEE9 /* ArtistsTableViewController.swift */ = {isa = PBXFileReference; lastKnownFileType = sourcecode.swift; path = ArtistsTableViewController.swift; sourceTree = "<group>"; };
		180EEC4628FC030900D2FEE9 /* ArtistTableViewCell.swift */ = {isa = PBXFileReference; lastKnownFileType = sourcecode.swift; path = ArtistTableViewCell.swift; sourceTree = "<group>"; };
		180EEC4728FC030900D2FEE9 /* ArtistTableViewCell.xib */ = {isa = PBXFileReference; lastKnownFileType = file.xib; path = ArtistTableViewCell.xib; sourceTree = "<group>"; };
		180EEC4E28FC571800D2FEE9 /* AlbumsCollectionViewController.swift */ = {isa = PBXFileReference; lastKnownFileType = sourcecode.swift; path = AlbumsCollectionViewController.swift; sourceTree = "<group>"; };
		180EEC5028FC575000D2FEE9 /* AlbumCollectionViewCell.swift */ = {isa = PBXFileReference; lastKnownFileType = sourcecode.swift; path = AlbumCollectionViewCell.swift; sourceTree = "<group>"; };
		180EEC5128FC575000D2FEE9 /* AlbumCollectionViewCell.xib */ = {isa = PBXFileReference; lastKnownFileType = file.xib; path = AlbumCollectionViewCell.xib; sourceTree = "<group>"; };
		180EEC5428FC5A3A00D2FEE9 /* AlbumFB.swift */ = {isa = PBXFileReference; lastKnownFileType = sourcecode.swift; path = AlbumFB.swift; sourceTree = "<group>"; };
		18130AED28E44082000FCD54 /* NetworkService.swift */ = {isa = PBXFileReference; lastKnownFileType = sourcecode.swift; path = NetworkService.swift; sourceTree = "<group>"; };
		18130AEF28E44D6F000FCD54 /* NetworkDataFetcher.swift */ = {isa = PBXFileReference; lastKnownFileType = sourcecode.swift; path = NetworkDataFetcher.swift; sourceTree = "<group>"; };
		18130AF128E4515D000FCD54 /* DataFetcherService.swift */ = {isa = PBXFileReference; lastKnownFileType = sourcecode.swift; path = DataFetcherService.swift; sourceTree = "<group>"; };
		18130AF428E4532E000FCD54 /* SearchTableViewController.swift */ = {isa = PBXFileReference; lastKnownFileType = sourcecode.swift; path = SearchTableViewController.swift; sourceTree = "<group>"; };
		1821B10A28FEC61C0084E572 /* AddAlbumViewController.swift */ = {isa = PBXFileReference; lastKnownFileType = sourcecode.swift; path = AddAlbumViewController.swift; sourceTree = "<group>"; };
		1860484328EB1E38007F4A93 /* TrackFB.swift */ = {isa = PBXFileReference; lastKnownFileType = sourcecode.swift; path = TrackFB.swift; sourceTree = "<group>"; };
		18680D9A28E84315001DF00D /* VerificationService.swift */ = {isa = PBXFileReference; lastKnownFileType = sourcecode.swift; path = VerificationService.swift; sourceTree = "<group>"; };
		18680D9C28E843E0001DF00D /* PasswordDifficult.swift */ = {isa = PBXFileReference; lastKnownFileType = sourcecode.swift; path = PasswordDifficult.swift; sourceTree = "<group>"; };
		18680D9E28E8867D001DF00D /* GoogleService-Info.plist */ = {isa = PBXFileReference; fileEncoding = 4; lastKnownFileType = text.plist.xml; path = "GoogleService-Info.plist"; sourceTree = "<group>"; };
		1872835A28E74EC90064278A /* SignIn.storyboard */ = {isa = PBXFileReference; lastKnownFileType = file.storyboard; path = SignIn.storyboard; sourceTree = "<group>"; };
		1872835E28E758400064278A /* SignInViewController.swift */ = {isa = PBXFileReference; lastKnownFileType = sourcecode.swift; path = SignInViewController.swift; sourceTree = "<group>"; };
		1872836028E75C700064278A /* SignUp.storyboard */ = {isa = PBXFileReference; lastKnownFileType = file.storyboard; path = SignUp.storyboard; sourceTree = "<group>"; };
		1872836228E75CA90064278A /* SignUpViewController.swift */ = {isa = PBXFileReference; lastKnownFileType = sourcecode.swift; path = SignUpViewController.swift; sourceTree = "<group>"; };
		1876014B28E34C0B000223CD /* Audio.swift */ = {isa = PBXFileReference; lastKnownFileType = sourcecode.swift; path = Audio.swift; sourceTree = "<group>"; };
		1876014D28E34C46000223CD /* ItemInfo.swift */ = {isa = PBXFileReference; lastKnownFileType = sourcecode.swift; path = ItemInfo.swift; sourceTree = "<group>"; };
		1876014F28E34C50000223CD /* Track.swift */ = {isa = PBXFileReference; lastKnownFileType = sourcecode.swift; path = Track.swift; sourceTree = "<group>"; };
		1876015128E34C59000223CD /* Album.swift */ = {isa = PBXFileReference; lastKnownFileType = sourcecode.swift; path = Album.swift; sourceTree = "<group>"; };
		1876015328E34C61000223CD /* Images.swift */ = {isa = PBXFileReference; lastKnownFileType = sourcecode.swift; path = Images.swift; sourceTree = "<group>"; };
		1876015528E34C6C000223CD /* Artists.swift */ = {isa = PBXFileReference; lastKnownFileType = sourcecode.swift; path = Artists.swift; sourceTree = "<group>"; };
		1876015C28E35085000223CD /* Constants.swift */ = {isa = PBXFileReference; lastKnownFileType = sourcecode.swift; path = Constants.swift; sourceTree = "<group>"; };
		1885D0C928ED846300288CA4 /* DetailTrack.storyboard */ = {isa = PBXFileReference; lastKnownFileType = file.storyboard; path = DetailTrack.storyboard; sourceTree = "<group>"; };
		1885D0CB28ED888D00288CA4 /* DetailTrackViewController.swift */ = {isa = PBXFileReference; lastKnownFileType = sourcecode.swift; path = DetailTrackViewController.swift; sourceTree = "<group>"; };
		1885D0CE28EDA9D500288CA4 /* TextFieldExtension.swift */ = {isa = PBXFileReference; lastKnownFileType = sourcecode.swift; path = TextFieldExtension.swift; sourceTree = "<group>"; };
		1885D0D028EDD70E00288CA4 /* ResponseCacheManager.swift */ = {isa = PBXFileReference; lastKnownFileType = sourcecode.swift; path = ResponseCacheManager.swift; sourceTree = "<group>"; };
		1885D0D228EDD73B00288CA4 /* ImageCacheManager.swift */ = {isa = PBXFileReference; lastKnownFileType = sourcecode.swift; path = ImageCacheManager.swift; sourceTree = "<group>"; };
		1894E35128F721EE00ED403F /* SongsTableViewController.swift */ = {isa = PBXFileReference; lastKnownFileType = sourcecode.swift; path = SongsTableViewController.swift; sourceTree = "<group>"; };
		1898336128EC359300558234 /* File.rtf */ = {isa = PBXFileReference; lastKnownFileType = text.rtf; path = File.rtf; sourceTree = "<group>"; };
		1898336328EC361E00558234 /* FireBaseStorageService.swift */ = {isa = PBXFileReference; lastKnownFileType = sourcecode.swift; path = FireBaseStorageService.swift; sourceTree = "<group>"; };
		1898336828EC406400558234 /* BaseViewController.swift */ = {isa = PBXFileReference; lastKnownFileType = sourcecode.swift; path = BaseViewController.swift; sourceTree = "<group>"; };
		1898336A28EC447D00558234 /* SignUpMessageViewController.swift */ = {isa = PBXFileReference; lastKnownFileType = sourcecode.swift; path = SignUpMessageViewController.swift; sourceTree = "<group>"; };
		18B66C6828DC7343000D5F79 /* Half Music App.app */ = {isa = PBXFileReference; explicitFileType = wrapper.application; includeInIndex = 0; path = "Half Music App.app"; sourceTree = BUILT_PRODUCTS_DIR; };
		18B66C6B28DC7343000D5F79 /* AppDelegate.swift */ = {isa = PBXFileReference; lastKnownFileType = sourcecode.swift; path = AppDelegate.swift; sourceTree = "<group>"; };
		18B66C6D28DC7343000D5F79 /* SceneDelegate.swift */ = {isa = PBXFileReference; lastKnownFileType = sourcecode.swift; path = SceneDelegate.swift; sourceTree = "<group>"; };
		18B66C7228DC7343000D5F79 /* Base */ = {isa = PBXFileReference; lastKnownFileType = file.storyboard; name = Base; path = Base.lproj/Main.storyboard; sourceTree = "<group>"; };
		18B66C7428DC7346000D5F79 /* Assets.xcassets */ = {isa = PBXFileReference; lastKnownFileType = folder.assetcatalog; path = Assets.xcassets; sourceTree = "<group>"; };
		18B66C7728DC7346000D5F79 /* Base */ = {isa = PBXFileReference; lastKnownFileType = file.storyboard; name = Base; path = Base.lproj/LaunchScreen.storyboard; sourceTree = "<group>"; };
		18B66C7928DC7346000D5F79 /* Info.plist */ = {isa = PBXFileReference; lastKnownFileType = text.plist.xml; path = Info.plist; sourceTree = "<group>"; };
		18D20D2528E45FAF00A758CC /* LocalStorage.swift */ = {isa = PBXFileReference; lastKnownFileType = sourcecode.swift; path = LocalStorage.swift; sourceTree = "<group>"; };
		18D20D2828E4654F00A758CC /* SearchTableViewCell.swift */ = {isa = PBXFileReference; lastKnownFileType = sourcecode.swift; path = SearchTableViewCell.swift; sourceTree = "<group>"; };
		18D20D2928E4654F00A758CC /* SearchTableViewCell.xib */ = {isa = PBXFileReference; lastKnownFileType = file.xib; path = SearchTableViewCell.xib; sourceTree = "<group>"; };
		18D51B7728F0488E00CCAE4A /* MediaPlayer.swift */ = {isa = PBXFileReference; lastKnownFileType = sourcecode.swift; path = MediaPlayer.swift; sourceTree = "<group>"; };
		18D51B7A28F1E9C100CCAE4A /* LibraryViewController.swift */ = {isa = PBXFileReference; lastKnownFileType = sourcecode.swift; path = LibraryViewController.swift; sourceTree = "<group>"; };
		18EC915328F6B840006B5B66 /* LibraryTableViewCell.swift */ = {isa = PBXFileReference; lastKnownFileType = sourcecode.swift; path = LibraryTableViewCell.swift; sourceTree = "<group>"; };
		18EC915428F6B840006B5B66 /* LibraryTableViewCell.xib */ = {isa = PBXFileReference; lastKnownFileType = file.xib; path = LibraryTableViewCell.xib; sourceTree = "<group>"; };
		18EC915728F6C0D4006B5B66 /* RecenltyAddedCollectionViewCell.swift */ = {isa = PBXFileReference; lastKnownFileType = sourcecode.swift; path = RecenltyAddedCollectionViewCell.swift; sourceTree = "<group>"; };
		18EC915828F6C0D4006B5B66 /* RecenltyAddedCollectionViewCell.xib */ = {isa = PBXFileReference; lastKnownFileType = file.xib; path = RecenltyAddedCollectionViewCell.xib; sourceTree = "<group>"; };
		225BD5879EB3F37760F89192 /* Pods-Half Music App.release.xcconfig */ = {isa = PBXFileReference; includeInIndex = 1; lastKnownFileType = text.xcconfig; name = "Pods-Half Music App.release.xcconfig"; path = "Target Support Files/Pods-Half Music App/Pods-Half Music App.release.xcconfig"; sourceTree = "<group>"; };
		82EF1FC341AC10BEB485A8D3 /* Pods-Half Music App.debug.xcconfig */ = {isa = PBXFileReference; includeInIndex = 1; lastKnownFileType = text.xcconfig; name = "Pods-Half Music App.debug.xcconfig"; path = "Target Support Files/Pods-Half Music App/Pods-Half Music App.debug.xcconfig"; sourceTree = "<group>"; };
/* End PBXFileReference section */

/* Begin PBXFrameworksBuildPhase section */
		18B66C6528DC7343000D5F79 /* Frameworks */ = {
			isa = PBXFrameworksBuildPhase;
			buildActionMask = 2147483647;
			files = (
				18D20D2E28E49B8A00A758CC /* Alamofire in Frameworks */,
				18D20D3128E49BB800A758CC /* AlamofireImage in Frameworks */,
				66A3740E667DA92D067CD6BB /* Pods_Half_Music_App.framework in Frameworks */,
			);
			runOnlyForDeploymentPostprocessing = 0;
		};
/* End PBXFrameworksBuildPhase section */

/* Begin PBXGroup section */
		18130AEC28E4406C000FCD54 /* Services */ = {
			isa = PBXGroup;
			children = (
				18680D9928E84294001DF00D /* Verification */,
				18D20D1E28E45EE200A758CC /* Network */,
				18D51B7928F0489300CCAE4A /* MediaPlayer */,
			);
			path = Services;
			sourceTree = "<group>";
		};
		18130AF328E4530D000FCD54 /* Main Controllers */ = {
			isa = PBXGroup;
			children = (
				18130AF428E4532E000FCD54 /* SearchTableViewController.swift */,
				1885D0CB28ED888D00288CA4 /* DetailTrackViewController.swift */,
				18D51B7A28F1E9C100CCAE4A /* LibraryViewController.swift */,
				1894E35128F721EE00ED403F /* SongsTableViewController.swift */,
				180EEC4028FBF96300D2FEE9 /* ArtistsTableViewController.swift */,
				180EEC4E28FC571800D2FEE9 /* AlbumsCollectionViewController.swift */,
				1821B10A28FEC61C0084E572 /* AddAlbumViewController.swift */,
				18D20D2728E4652F00A758CC /* Cell View */,
			);
			path = "Main Controllers";
			sourceTree = "<group>";
		};
		18680D9928E84294001DF00D /* Verification */ = {
			isa = PBXGroup;
			children = (
				18680D9A28E84315001DF00D /* VerificationService.swift */,
			);
			path = Verification;
			sourceTree = "<group>";
		};
		1872835C28E7581C0064278A /* SignIn Controllers */ = {
			isa = PBXGroup;
			children = (
				1872835E28E758400064278A /* SignInViewController.swift */,
			);
			path = "SignIn Controllers";
			sourceTree = "<group>";
		};
		1872835D28E7582A0064278A /* SignUp Controllers */ = {
			isa = PBXGroup;
			children = (
				1872836228E75CA90064278A /* SignUpViewController.swift */,
				1898336A28EC447D00558234 /* SignUpMessageViewController.swift */,
			);
			path = "SignUp Controllers";
			sourceTree = "<group>";
		};
		1876014628E34360000223CD /* Views */ = {
			isa = PBXGroup;
			children = (
				1876015828E34FEB000223CD /* Sign Up */,
				1876015728E34FE2000223CD /* Sign In */,
				1876015A28E35007000223CD /* Onboarding */,
				1876015928E34FF1000223CD /* Main */,
				18B66C7628DC7346000D5F79 /* LaunchScreen.storyboard */,
			);
			path = Views;
			sourceTree = "<group>";
		};
		1876014728E34365000223CD /* Controllers */ = {
			isa = PBXGroup;
			children = (
				1872835D28E7582A0064278A /* SignUp Controllers */,
				1872835C28E7581C0064278A /* SignIn Controllers */,
				18130AF328E4530D000FCD54 /* Main Controllers */,
			);
			path = Controllers;
			sourceTree = "<group>";
		};
		1876014828E3436B000223CD /* Delegates */ = {
			isa = PBXGroup;
			children = (
				18B66C6B28DC7343000D5F79 /* AppDelegate.swift */,
				18B66C6D28DC7343000D5F79 /* SceneDelegate.swift */,
			);
			path = Delegates;
			sourceTree = "<group>";
		};
		1876014928E34BAC000223CD /* Models */ = {
			isa = PBXGroup;
			children = (
				1898336528EC402700558234 /* BaseVC */,
				1876014A28E34BB3000223CD /* TrackModels */,
				1898336028EC352200558234 /* FirebaseModels */,
				18680D9C28E843E0001DF00D /* PasswordDifficult.swift */,
			);
			path = Models;
			sourceTree = "<group>";
		};
		1876014A28E34BB3000223CD /* TrackModels */ = {
			isa = PBXGroup;
			children = (
				1876014B28E34C0B000223CD /* Audio.swift */,
				1876014D28E34C46000223CD /* ItemInfo.swift */,
				1876014F28E34C50000223CD /* Track.swift */,
				1876015128E34C59000223CD /* Album.swift */,
				1876015328E34C61000223CD /* Images.swift */,
				1876015528E34C6C000223CD /* Artists.swift */,
			);
			path = TrackModels;
			sourceTree = "<group>";
		};
		1876015728E34FE2000223CD /* Sign In */ = {
			isa = PBXGroup;
			children = (
				1872835A28E74EC90064278A /* SignIn.storyboard */,
			);
			path = "Sign In";
			sourceTree = "<group>";
		};
		1876015828E34FEB000223CD /* Sign Up */ = {
			isa = PBXGroup;
			children = (
				1872836028E75C700064278A /* SignUp.storyboard */,
			);
			path = "Sign Up";
			sourceTree = "<group>";
		};
		1876015928E34FF1000223CD /* Main */ = {
			isa = PBXGroup;
			children = (
				18B66C7128DC7343000D5F79 /* Main.storyboard */,
				1885D0C928ED846300288CA4 /* DetailTrack.storyboard */,
			);
			path = Main;
			sourceTree = "<group>";
		};
		1876015A28E35007000223CD /* Onboarding */ = {
			isa = PBXGroup;
			children = (
			);
			path = Onboarding;
			sourceTree = "<group>";
		};
		1876015B28E35029000223CD /* Constants */ = {
			isa = PBXGroup;
			children = (
				1876015C28E35085000223CD /* Constants.swift */,
			);
			path = Constants;
			sourceTree = "<group>";
		};
		1876015E28E3513B000223CD /* Managers */ = {
			isa = PBXGroup;
			children = (
				18D20D2228E45F8400A758CC /* Storage */,
				18D20D1F28E45EF000A758CC /* Cache */,
			);
			path = Managers;
			sourceTree = "<group>";
		};
		1885D0CD28EDA9B600288CA4 /* Extensions */ = {
			isa = PBXGroup;
			children = (
				1885D0CE28EDA9D500288CA4 /* TextFieldExtension.swift */,
			);
			path = Extensions;
			sourceTree = "<group>";
		};
		1898336028EC352200558234 /* FirebaseModels */ = {
			isa = PBXGroup;
			children = (
				1860484328EB1E38007F4A93 /* TrackFB.swift */,
				180EEC5428FC5A3A00D2FEE9 /* AlbumFB.swift */,
			);
			path = FirebaseModels;
			sourceTree = "<group>";
		};
		1898336528EC402700558234 /* BaseVC */ = {
			isa = PBXGroup;
			children = (
				1898336828EC406400558234 /* BaseViewController.swift */,
			);
			path = BaseVC;
			sourceTree = "<group>";
		};
		18B66C5F28DC7343000D5F79 = {
			isa = PBXGroup;
			children = (
				18B66C6A28DC7343000D5F79 /* Half Music App */,
				18B66C6928DC7343000D5F79 /* Products */,
				BC95A44075828F7A9FF65BD4 /* Pods */,
				85719C8348536048B7F4D2D7 /* Frameworks */,
			);
			sourceTree = "<group>";
		};
		18B66C6928DC7343000D5F79 /* Products */ = {
			isa = PBXGroup;
			children = (
				18B66C6828DC7343000D5F79 /* Half Music App.app */,
			);
			name = Products;
			sourceTree = "<group>";
		};
		18B66C6A28DC7343000D5F79 /* Half Music App */ = {
			isa = PBXGroup;
			children = (
				18130AEC28E4406C000FCD54 /* Services */,
				1876015E28E3513B000223CD /* Managers */,
				1885D0CD28EDA9B600288CA4 /* Extensions */,
				1876015B28E35029000223CD /* Constants */,
				1876014928E34BAC000223CD /* Models */,
				1876014628E34360000223CD /* Views */,
				1876014728E34365000223CD /* Controllers */,
				18B66C7428DC7346000D5F79 /* Assets.xcassets */,
				18B66C7928DC7346000D5F79 /* Info.plist */,
				1898336128EC359300558234 /* File.rtf */,
				18680D9E28E8867D001DF00D /* GoogleService-Info.plist */,
				1876014828E3436B000223CD /* Delegates */,
			);
			path = "Half Music App";
			sourceTree = "<group>";
		};
		18D20D1E28E45EE200A758CC /* Network */ = {
			isa = PBXGroup;
			children = (
				18130AF128E4515D000FCD54 /* DataFetcherService.swift */,
				18130AEF28E44D6F000FCD54 /* NetworkDataFetcher.swift */,
				18130AED28E44082000FCD54 /* NetworkService.swift */,
			);
			path = Network;
			sourceTree = "<group>";
		};
		18D20D1F28E45EF000A758CC /* Cache */ = {
			isa = PBXGroup;
			children = (
				1885D0D028EDD70E00288CA4 /* ResponseCacheManager.swift */,
				1885D0D228EDD73B00288CA4 /* ImageCacheManager.swift */,
			);
			path = Cache;
			sourceTree = "<group>";
		};
		18D20D2228E45F8400A758CC /* Storage */ = {
			isa = PBXGroup;
			children = (
				18D20D2328E45F8C00A758CC /* Local Storage */,
				18D20D2428E45F9E00A758CC /* FireBase Storage */,
			);
			path = Storage;
			sourceTree = "<group>";
		};
		18D20D2328E45F8C00A758CC /* Local Storage */ = {
			isa = PBXGroup;
			children = (
				18D20D2528E45FAF00A758CC /* LocalStorage.swift */,
			);
			path = "Local Storage";
			sourceTree = "<group>";
		};
		18D20D2428E45F9E00A758CC /* FireBase Storage */ = {
			isa = PBXGroup;
			children = (
				1898336328EC361E00558234 /* FireBaseStorageService.swift */,
			);
			path = "FireBase Storage";
			sourceTree = "<group>";
		};
		18D20D2728E4652F00A758CC /* Cell View */ = {
			isa = PBXGroup;
			children = (
				18D20D2828E4654F00A758CC /* SearchTableViewCell.swift */,
				18D20D2928E4654F00A758CC /* SearchTableViewCell.xib */,
				18EC915328F6B840006B5B66 /* LibraryTableViewCell.swift */,
				18EC915428F6B840006B5B66 /* LibraryTableViewCell.xib */,
				18EC915728F6C0D4006B5B66 /* RecenltyAddedCollectionViewCell.swift */,
				18EC915828F6C0D4006B5B66 /* RecenltyAddedCollectionViewCell.xib */,
				180EEC4628FC030900D2FEE9 /* ArtistTableViewCell.swift */,
				180EEC4728FC030900D2FEE9 /* ArtistTableViewCell.xib */,
				180EEC5028FC575000D2FEE9 /* AlbumCollectionViewCell.swift */,
				180EEC5128FC575000D2FEE9 /* AlbumCollectionViewCell.xib */,
			);
			path = "Cell View";
			sourceTree = "<group>";
		};
		18D51B7928F0489300CCAE4A /* MediaPlayer */ = {
			isa = PBXGroup;
			children = (
				18D51B7728F0488E00CCAE4A /* MediaPlayer.swift */,
			);
			path = MediaPlayer;
			sourceTree = "<group>";
		};
		85719C8348536048B7F4D2D7 /* Frameworks */ = {
			isa = PBXGroup;
			children = (
				04952DE828580D219A24B86F /* Pods_Half_Music_App.framework */,
			);
			name = Frameworks;
			sourceTree = "<group>";
		};
		BC95A44075828F7A9FF65BD4 /* Pods */ = {
			isa = PBXGroup;
			children = (
				82EF1FC341AC10BEB485A8D3 /* Pods-Half Music App.debug.xcconfig */,
				225BD5879EB3F37760F89192 /* Pods-Half Music App.release.xcconfig */,
			);
			path = Pods;
			sourceTree = "<group>";
		};
/* End PBXGroup section */

/* Begin PBXNativeTarget section */
		18B66C6728DC7343000D5F79 /* Half Music App */ = {
			isa = PBXNativeTarget;
			buildConfigurationList = 18B66C7C28DC7346000D5F79 /* Build configuration list for PBXNativeTarget "Half Music App" */;
			buildPhases = (
				217B85B9ED54F28FCFF7920F /* [CP] Check Pods Manifest.lock */,
				18B66C6428DC7343000D5F79 /* Sources */,
				18B66C6528DC7343000D5F79 /* Frameworks */,
				18B66C6628DC7343000D5F79 /* Resources */,
				10A4DE8C33463A7B56F86C4D /* [CP] Embed Pods Frameworks */,
			);
			buildRules = (
			);
			dependencies = (
			);
			name = "Half Music App";
			packageProductDependencies = (
				18D20D2D28E49B8A00A758CC /* Alamofire */,
				18D20D3028E49BB800A758CC /* AlamofireImage */,
			);
			productName = "Half Music App";
			productReference = 18B66C6828DC7343000D5F79 /* Half Music App.app */;
			productType = "com.apple.product-type.application";
		};
/* End PBXNativeTarget section */

/* Begin PBXProject section */
		18B66C6028DC7343000D5F79 /* Project object */ = {
			isa = PBXProject;
			attributes = {
				BuildIndependentTargetsInParallel = 1;
				LastSwiftUpdateCheck = 1400;
				LastUpgradeCheck = 1400;
				TargetAttributes = {
					18B66C6728DC7343000D5F79 = {
						CreatedOnToolsVersion = 14.0;
					};
				};
			};
			buildConfigurationList = 18B66C6328DC7343000D5F79 /* Build configuration list for PBXProject "Half Music App" */;
			compatibilityVersion = "Xcode 14.0";
			developmentRegion = en;
			hasScannedForEncodings = 0;
			knownRegions = (
				en,
				Base,
			);
			mainGroup = 18B66C5F28DC7343000D5F79;
			packageReferences = (
				18D20D2C28E49B8A00A758CC /* XCRemoteSwiftPackageReference "Alamofire" */,
				18D20D2F28E49BB800A758CC /* XCRemoteSwiftPackageReference "AlamofireImage" */,
			);
			productRefGroup = 18B66C6928DC7343000D5F79 /* Products */;
			projectDirPath = "";
			projectRoot = "";
			targets = (
				18B66C6728DC7343000D5F79 /* Half Music App */,
			);
		};
/* End PBXProject section */

/* Begin PBXResourcesBuildPhase section */
		18B66C6628DC7343000D5F79 /* Resources */ = {
			isa = PBXResourcesBuildPhase;
			buildActionMask = 2147483647;
			files = (
				18B66C7828DC7346000D5F79 /* LaunchScreen.storyboard in Resources */,
				1872835B28E74EC90064278A /* SignIn.storyboard in Resources */,
				1898336228EC359300558234 /* File.rtf in Resources */,
				18EC915A28F6C0D4006B5B66 /* RecenltyAddedCollectionViewCell.xib in Resources */,
				1872836128E75C700064278A /* SignUp.storyboard in Resources */,
				18D20D2B28E4654F00A758CC /* SearchTableViewCell.xib in Resources */,
				180EEC4928FC030900D2FEE9 /* ArtistTableViewCell.xib in Resources */,
				18B66C7528DC7346000D5F79 /* Assets.xcassets in Resources */,
				1885D0CA28ED846300288CA4 /* DetailTrack.storyboard in Resources */,
				18EC915628F6B840006B5B66 /* LibraryTableViewCell.xib in Resources */,
				18B66C7328DC7343000D5F79 /* Main.storyboard in Resources */,
				180EEC5328FC575000D2FEE9 /* AlbumCollectionViewCell.xib in Resources */,
				18680D9F28E8867E001DF00D /* GoogleService-Info.plist in Resources */,
			);
			runOnlyForDeploymentPostprocessing = 0;
		};
/* End PBXResourcesBuildPhase section */

/* Begin PBXShellScriptBuildPhase section */
		10A4DE8C33463A7B56F86C4D /* [CP] Embed Pods Frameworks */ = {
			isa = PBXShellScriptBuildPhase;
			buildActionMask = 2147483647;
			files = (
			);
			inputFileListPaths = (
				"${PODS_ROOT}/Target Support Files/Pods-Half Music App/Pods-Half Music App-frameworks-${CONFIGURATION}-input-files.xcfilelist",
			);
			name = "[CP] Embed Pods Frameworks";
			outputFileListPaths = (
				"${PODS_ROOT}/Target Support Files/Pods-Half Music App/Pods-Half Music App-frameworks-${CONFIGURATION}-output-files.xcfilelist",
			);
			runOnlyForDeploymentPostprocessing = 0;
			shellPath = /bin/sh;
			shellScript = "\"${PODS_ROOT}/Target Support Files/Pods-Half Music App/Pods-Half Music App-frameworks.sh\"\n";
			showEnvVarsInLog = 0;
		};
		217B85B9ED54F28FCFF7920F /* [CP] Check Pods Manifest.lock */ = {
			isa = PBXShellScriptBuildPhase;
			buildActionMask = 2147483647;
			files = (
			);
			inputFileListPaths = (
			);
			inputPaths = (
				"${PODS_PODFILE_DIR_PATH}/Podfile.lock",
				"${PODS_ROOT}/Manifest.lock",
			);
			name = "[CP] Check Pods Manifest.lock";
			outputFileListPaths = (
			);
			outputPaths = (
				"$(DERIVED_FILE_DIR)/Pods-Half Music App-checkManifestLockResult.txt",
			);
			runOnlyForDeploymentPostprocessing = 0;
			shellPath = /bin/sh;
			shellScript = "diff \"${PODS_PODFILE_DIR_PATH}/Podfile.lock\" \"${PODS_ROOT}/Manifest.lock\" > /dev/null\nif [ $? != 0 ] ; then\n    # print error to STDERR\n    echo \"error: The sandbox is not in sync with the Podfile.lock. Run 'pod install' or update your CocoaPods installation.\" >&2\n    exit 1\nfi\n# This output is used by Xcode 'outputs' to avoid re-running this script phase.\necho \"SUCCESS\" > \"${SCRIPT_OUTPUT_FILE_0}\"\n";
			showEnvVarsInLog = 0;
		};
/* End PBXShellScriptBuildPhase section */

/* Begin PBXSourcesBuildPhase section */
		18B66C6428DC7343000D5F79 /* Sources */ = {
			isa = PBXSourcesBuildPhase;
			buildActionMask = 2147483647;
			files = (
				180EEC5228FC575000D2FEE9 /* AlbumCollectionViewCell.swift in Sources */,
				18130AF228E4515D000FCD54 /* DataFetcherService.swift in Sources */,
				18B66C6C28DC7343000D5F79 /* AppDelegate.swift in Sources */,
				1898336B28EC447D00558234 /* SignUpMessageViewController.swift in Sources */,
				1898336428EC361E00558234 /* FireBaseStorageService.swift in Sources */,
				180EEC4128FBF96300D2FEE9 /* ArtistsTableViewController.swift in Sources */,
				1898336928EC406400558234 /* BaseViewController.swift in Sources */,
				18D51B7B28F1E9C100CCAE4A /* LibraryViewController.swift in Sources */,
				18130AF528E4532E000FCD54 /* SearchTableViewController.swift in Sources */,
				1885D0CC28ED888D00288CA4 /* DetailTrackViewController.swift in Sources */,
				1885D0D328EDD73B00288CA4 /* ImageCacheManager.swift in Sources */,
				1876015628E34C6C000223CD /* Artists.swift in Sources */,
				1894E35228F721EE00ED403F /* SongsTableViewController.swift in Sources */,
				18EC915928F6C0D4006B5B66 /* RecenltyAddedCollectionViewCell.swift in Sources */,
				1885D0CF28EDA9D500288CA4 /* TextFieldExtension.swift in Sources */,
				18130AF028E44D6F000FCD54 /* NetworkDataFetcher.swift in Sources */,
				1872836328E75CA90064278A /* SignUpViewController.swift in Sources */,
				1885D0D128EDD70E00288CA4 /* ResponseCacheManager.swift in Sources */,
				18D51B7828F0488E00CCAE4A /* MediaPlayer.swift in Sources */,
				180EEC5528FC5A3A00D2FEE9 /* AlbumFB.swift in Sources */,
				18B66C6E28DC7343000D5F79 /* SceneDelegate.swift in Sources */,
				1872835F28E758400064278A /* SignInViewController.swift in Sources */,
				18EC915528F6B840006B5B66 /* LibraryTableViewCell.swift in Sources */,
				1876014C28E34C0B000223CD /* Audio.swift in Sources */,
				1860484428EB1E38007F4A93 /* TrackFB.swift in Sources */,
				1876015D28E35085000223CD /* Constants.swift in Sources */,
				18680D9D28E843E0001DF00D /* PasswordDifficult.swift in Sources */,
				1876014E28E34C46000223CD /* ItemInfo.swift in Sources */,
				1876015428E34C61000223CD /* Images.swift in Sources */,
				180EEC4F28FC571800D2FEE9 /* AlbumsCollectionViewController.swift in Sources */,
				18680D9B28E84315001DF00D /* VerificationService.swift in Sources */,
				180EEC4828FC030900D2FEE9 /* ArtistTableViewCell.swift in Sources */,
				1876015228E34C59000223CD /* Album.swift in Sources */,
				18D20D2628E45FAF00A758CC /* LocalStorage.swift in Sources */,
				18D20D2A28E4654F00A758CC /* SearchTableViewCell.swift in Sources */,
				18130AEE28E44082000FCD54 /* NetworkService.swift in Sources */,
				1821B10B28FEC61C0084E572 /* AddAlbumViewController.swift in Sources */,
				1876015028E34C50000223CD /* Track.swift in Sources */,
			);
			runOnlyForDeploymentPostprocessing = 0;
		};
/* End PBXSourcesBuildPhase section */

/* Begin PBXVariantGroup section */
		18B66C7128DC7343000D5F79 /* Main.storyboard */ = {
			isa = PBXVariantGroup;
			children = (
				18B66C7228DC7343000D5F79 /* Base */,
			);
			name = Main.storyboard;
			sourceTree = "<group>";
		};
		18B66C7628DC7346000D5F79 /* LaunchScreen.storyboard */ = {
			isa = PBXVariantGroup;
			children = (
				18B66C7728DC7346000D5F79 /* Base */,
			);
			name = LaunchScreen.storyboard;
			sourceTree = "<group>";
		};
/* End PBXVariantGroup section */

/* Begin XCBuildConfiguration section */
		18B66C7A28DC7346000D5F79 /* Debug */ = {
			isa = XCBuildConfiguration;
			buildSettings = {
				ALWAYS_SEARCH_USER_PATHS = NO;
				CLANG_ANALYZER_NONNULL = YES;
				CLANG_ANALYZER_NUMBER_OBJECT_CONVERSION = YES_AGGRESSIVE;
				CLANG_CXX_LANGUAGE_STANDARD = "gnu++20";
				CLANG_ENABLE_MODULES = YES;
				CLANG_ENABLE_OBJC_ARC = YES;
				CLANG_ENABLE_OBJC_WEAK = YES;
				CLANG_WARN_BLOCK_CAPTURE_AUTORELEASING = YES;
				CLANG_WARN_BOOL_CONVERSION = YES;
				CLANG_WARN_COMMA = YES;
				CLANG_WARN_CONSTANT_CONVERSION = YES;
				CLANG_WARN_DEPRECATED_OBJC_IMPLEMENTATIONS = YES;
				CLANG_WARN_DIRECT_OBJC_ISA_USAGE = YES_ERROR;
				CLANG_WARN_DOCUMENTATION_COMMENTS = YES;
				CLANG_WARN_EMPTY_BODY = YES;
				CLANG_WARN_ENUM_CONVERSION = YES;
				CLANG_WARN_INFINITE_RECURSION = YES;
				CLANG_WARN_INT_CONVERSION = YES;
				CLANG_WARN_NON_LITERAL_NULL_CONVERSION = YES;
				CLANG_WARN_OBJC_IMPLICIT_RETAIN_SELF = YES;
				CLANG_WARN_OBJC_LITERAL_CONVERSION = YES;
				CLANG_WARN_OBJC_ROOT_CLASS = YES_ERROR;
				CLANG_WARN_QUOTED_INCLUDE_IN_FRAMEWORK_HEADER = YES;
				CLANG_WARN_RANGE_LOOP_ANALYSIS = YES;
				CLANG_WARN_STRICT_PROTOTYPES = YES;
				CLANG_WARN_SUSPICIOUS_MOVE = YES;
				CLANG_WARN_UNGUARDED_AVAILABILITY = YES_AGGRESSIVE;
				CLANG_WARN_UNREACHABLE_CODE = YES;
				CLANG_WARN__DUPLICATE_METHOD_MATCH = YES;
				COPY_PHASE_STRIP = NO;
				DEBUG_INFORMATION_FORMAT = dwarf;
				ENABLE_STRICT_OBJC_MSGSEND = YES;
				ENABLE_TESTABILITY = YES;
				GCC_C_LANGUAGE_STANDARD = gnu11;
				GCC_DYNAMIC_NO_PIC = NO;
				GCC_NO_COMMON_BLOCKS = YES;
				GCC_OPTIMIZATION_LEVEL = 0;
				GCC_PREPROCESSOR_DEFINITIONS = (
					"DEBUG=1",
					"$(inherited)",
				);
				GCC_WARN_64_TO_32_BIT_CONVERSION = YES;
				GCC_WARN_ABOUT_RETURN_TYPE = YES_ERROR;
				GCC_WARN_UNDECLARED_SELECTOR = YES;
				GCC_WARN_UNINITIALIZED_AUTOS = YES_AGGRESSIVE;
				GCC_WARN_UNUSED_FUNCTION = YES;
				GCC_WARN_UNUSED_VARIABLE = YES;
				IPHONEOS_DEPLOYMENT_TARGET = 16.0;
				MTL_ENABLE_DEBUG_INFO = INCLUDE_SOURCE;
				MTL_FAST_MATH = YES;
				ONLY_ACTIVE_ARCH = YES;
				SDKROOT = iphoneos;
				SWIFT_ACTIVE_COMPILATION_CONDITIONS = DEBUG;
				SWIFT_OPTIMIZATION_LEVEL = "-Onone";
			};
			name = Debug;
		};
		18B66C7B28DC7346000D5F79 /* Release */ = {
			isa = XCBuildConfiguration;
			buildSettings = {
				ALWAYS_SEARCH_USER_PATHS = NO;
				CLANG_ANALYZER_NONNULL = YES;
				CLANG_ANALYZER_NUMBER_OBJECT_CONVERSION = YES_AGGRESSIVE;
				CLANG_CXX_LANGUAGE_STANDARD = "gnu++20";
				CLANG_ENABLE_MODULES = YES;
				CLANG_ENABLE_OBJC_ARC = YES;
				CLANG_ENABLE_OBJC_WEAK = YES;
				CLANG_WARN_BLOCK_CAPTURE_AUTORELEASING = YES;
				CLANG_WARN_BOOL_CONVERSION = YES;
				CLANG_WARN_COMMA = YES;
				CLANG_WARN_CONSTANT_CONVERSION = YES;
				CLANG_WARN_DEPRECATED_OBJC_IMPLEMENTATIONS = YES;
				CLANG_WARN_DIRECT_OBJC_ISA_USAGE = YES_ERROR;
				CLANG_WARN_DOCUMENTATION_COMMENTS = YES;
				CLANG_WARN_EMPTY_BODY = YES;
				CLANG_WARN_ENUM_CONVERSION = YES;
				CLANG_WARN_INFINITE_RECURSION = YES;
				CLANG_WARN_INT_CONVERSION = YES;
				CLANG_WARN_NON_LITERAL_NULL_CONVERSION = YES;
				CLANG_WARN_OBJC_IMPLICIT_RETAIN_SELF = YES;
				CLANG_WARN_OBJC_LITERAL_CONVERSION = YES;
				CLANG_WARN_OBJC_ROOT_CLASS = YES_ERROR;
				CLANG_WARN_QUOTED_INCLUDE_IN_FRAMEWORK_HEADER = YES;
				CLANG_WARN_RANGE_LOOP_ANALYSIS = YES;
				CLANG_WARN_STRICT_PROTOTYPES = YES;
				CLANG_WARN_SUSPICIOUS_MOVE = YES;
				CLANG_WARN_UNGUARDED_AVAILABILITY = YES_AGGRESSIVE;
				CLANG_WARN_UNREACHABLE_CODE = YES;
				CLANG_WARN__DUPLICATE_METHOD_MATCH = YES;
				COPY_PHASE_STRIP = NO;
				DEBUG_INFORMATION_FORMAT = "dwarf-with-dsym";
				ENABLE_NS_ASSERTIONS = NO;
				ENABLE_STRICT_OBJC_MSGSEND = YES;
				GCC_C_LANGUAGE_STANDARD = gnu11;
				GCC_NO_COMMON_BLOCKS = YES;
				GCC_WARN_64_TO_32_BIT_CONVERSION = YES;
				GCC_WARN_ABOUT_RETURN_TYPE = YES_ERROR;
				GCC_WARN_UNDECLARED_SELECTOR = YES;
				GCC_WARN_UNINITIALIZED_AUTOS = YES_AGGRESSIVE;
				GCC_WARN_UNUSED_FUNCTION = YES;
				GCC_WARN_UNUSED_VARIABLE = YES;
				IPHONEOS_DEPLOYMENT_TARGET = 16.0;
				MTL_ENABLE_DEBUG_INFO = NO;
				MTL_FAST_MATH = YES;
				SDKROOT = iphoneos;
				SWIFT_COMPILATION_MODE = wholemodule;
				SWIFT_OPTIMIZATION_LEVEL = "-O";
				VALIDATE_PRODUCT = YES;
			};
			name = Release;
		};
		18B66C7D28DC7346000D5F79 /* Debug */ = {
			isa = XCBuildConfiguration;
			baseConfigurationReference = 82EF1FC341AC10BEB485A8D3 /* Pods-Half Music App.debug.xcconfig */;
			buildSettings = {
				ASSETCATALOG_COMPILER_APPICON_NAME = AppIcon;
				ASSETCATALOG_COMPILER_GLOBAL_ACCENT_COLOR_NAME = AccentColor;
				CODE_SIGN_STYLE = Automatic;
				CURRENT_PROJECT_VERSION = 1;
				DEVELOPMENT_TEAM = H568TQC48W;
				GENERATE_INFOPLIST_FILE = YES;
				INFOPLIST_FILE = "Half Music App/Info.plist";
				INFOPLIST_KEY_UIApplicationSupportsIndirectInputEvents = YES;
				INFOPLIST_KEY_UILaunchStoryboardName = LaunchScreen;
				INFOPLIST_KEY_UIMainStoryboardFile = SignIn;
				INFOPLIST_KEY_UISupportedInterfaceOrientations = UIInterfaceOrientationPortrait;
				LD_RUNPATH_SEARCH_PATHS = (
					"$(inherited)",
					"@executable_path/Frameworks",
				);
				MARKETING_VERSION = 1.0;
				PRODUCT_BUNDLE_IDENTIFIER = "KA.Half-Music-App";
				PRODUCT_NAME = "$(TARGET_NAME)";
				SWIFT_EMIT_LOC_STRINGS = YES;
				SWIFT_VERSION = 5.0;
				TARGETED_DEVICE_FAMILY = "1,2";
			};
			name = Debug;
		};
		18B66C7E28DC7346000D5F79 /* Release */ = {
			isa = XCBuildConfiguration;
			baseConfigurationReference = 225BD5879EB3F37760F89192 /* Pods-Half Music App.release.xcconfig */;
			buildSettings = {
				ASSETCATALOG_COMPILER_APPICON_NAME = AppIcon;
				ASSETCATALOG_COMPILER_GLOBAL_ACCENT_COLOR_NAME = AccentColor;
				CODE_SIGN_STYLE = Automatic;
				CURRENT_PROJECT_VERSION = 1;
				DEVELOPMENT_TEAM = H568TQC48W;
				GENERATE_INFOPLIST_FILE = YES;
				INFOPLIST_FILE = "Half Music App/Info.plist";
				INFOPLIST_KEY_UIApplicationSupportsIndirectInputEvents = YES;
				INFOPLIST_KEY_UILaunchStoryboardName = LaunchScreen;
				INFOPLIST_KEY_UIMainStoryboardFile = SignIn;
				INFOPLIST_KEY_UISupportedInterfaceOrientations = UIInterfaceOrientationPortrait;
				LD_RUNPATH_SEARCH_PATHS = (
					"$(inherited)",
					"@executable_path/Frameworks",
				);
				MARKETING_VERSION = 1.0;
				PRODUCT_BUNDLE_IDENTIFIER = "KA.Half-Music-App";
				PRODUCT_NAME = "$(TARGET_NAME)";
				SWIFT_EMIT_LOC_STRINGS = YES;
				SWIFT_VERSION = 5.0;
				TARGETED_DEVICE_FAMILY = "1,2";
			};
			name = Release;
		};
/* End XCBuildConfiguration section */

/* Begin XCConfigurationList section */
		18B66C6328DC7343000D5F79 /* Build configuration list for PBXProject "Half Music App" */ = {
			isa = XCConfigurationList;
			buildConfigurations = (
				18B66C7A28DC7346000D5F79 /* Debug */,
				18B66C7B28DC7346000D5F79 /* Release */,
			);
			defaultConfigurationIsVisible = 0;
			defaultConfigurationName = Release;
		};
		18B66C7C28DC7346000D5F79 /* Build configuration list for PBXNativeTarget "Half Music App" */ = {
			isa = XCConfigurationList;
			buildConfigurations = (
				18B66C7D28DC7346000D5F79 /* Debug */,
				18B66C7E28DC7346000D5F79 /* Release */,
			);
			defaultConfigurationIsVisible = 0;
			defaultConfigurationName = Release;
		};
/* End XCConfigurationList section */

/* Begin XCRemoteSwiftPackageReference section */
		18D20D2C28E49B8A00A758CC /* XCRemoteSwiftPackageReference "Alamofire" */ = {
			isa = XCRemoteSwiftPackageReference;
			repositoryURL = "https://github.com/Alamofire/Alamofire.git";
			requirement = {
				kind = upToNextMajorVersion;
				minimumVersion = 5.0.0;
			};
		};
		18D20D2F28E49BB800A758CC /* XCRemoteSwiftPackageReference "AlamofireImage" */ = {
			isa = XCRemoteSwiftPackageReference;
			repositoryURL = "https://github.com/Alamofire/AlamofireImage.git";
			requirement = {
				kind = upToNextMajorVersion;
				minimumVersion = 4.0.0;
			};
		};
/* End XCRemoteSwiftPackageReference section */

/* Begin XCSwiftPackageProductDependency section */
		18D20D2D28E49B8A00A758CC /* Alamofire */ = {
			isa = XCSwiftPackageProductDependency;
			package = 18D20D2C28E49B8A00A758CC /* XCRemoteSwiftPackageReference "Alamofire" */;
			productName = Alamofire;
		};
		18D20D3028E49BB800A758CC /* AlamofireImage */ = {
			isa = XCSwiftPackageProductDependency;
			package = 18D20D2F28E49BB800A758CC /* XCRemoteSwiftPackageReference "AlamofireImage" */;
			productName = AlamofireImage;
		};
/* End XCSwiftPackageProductDependency section */
	};
	rootObject = 18B66C6028DC7343000D5F79 /* Project object */;
}
