// !$*UTF8*$!
{
	archiveVersion = 1;
	classes = {
	};
	objectVersion = 56;
	objects = {

/* Begin PBXBuildFile section */
		18130AEE28E44082000FCD54 /* NetworkService.swift in Sources */ = {isa = PBXBuildFile; fileRef = 18130AED28E44082000FCD54 /* NetworkService.swift */; };
		18130AF028E44D6F000FCD54 /* NetworkDataFetcher.swift in Sources */ = {isa = PBXBuildFile; fileRef = 18130AEF28E44D6F000FCD54 /* NetworkDataFetcher.swift */; };
		18130AF228E4515D000FCD54 /* DataFetcherService.swift in Sources */ = {isa = PBXBuildFile; fileRef = 18130AF128E4515D000FCD54 /* DataFetcherService.swift */; };
		18130AF528E4532E000FCD54 /* SearchTableViewController.swift in Sources */ = {isa = PBXBuildFile; fileRef = 18130AF428E4532E000FCD54 /* SearchTableViewController.swift */; };
		1876014C28E34C0B000223CD /* Audio.swift in Sources */ = {isa = PBXBuildFile; fileRef = 1876014B28E34C0B000223CD /* Audio.swift */; };
		1876014E28E34C46000223CD /* ItemInfo.swift in Sources */ = {isa = PBXBuildFile; fileRef = 1876014D28E34C46000223CD /* ItemInfo.swift */; };
		1876015028E34C50000223CD /* Track.swift in Sources */ = {isa = PBXBuildFile; fileRef = 1876014F28E34C50000223CD /* Track.swift */; };
		1876015228E34C59000223CD /* Album.swift in Sources */ = {isa = PBXBuildFile; fileRef = 1876015128E34C59000223CD /* Album.swift */; };
		1876015428E34C61000223CD /* Images.swift in Sources */ = {isa = PBXBuildFile; fileRef = 1876015328E34C61000223CD /* Images.swift */; };
		1876015628E34C6C000223CD /* Artists.swift in Sources */ = {isa = PBXBuildFile; fileRef = 1876015528E34C6C000223CD /* Artists.swift */; };
		1876015D28E35085000223CD /* Constants.swift in Sources */ = {isa = PBXBuildFile; fileRef = 1876015C28E35085000223CD /* Constants.swift */; };
		1876016028E35150000223CD /* CacheResponseManager.swift in Sources */ = {isa = PBXBuildFile; fileRef = 1876015F28E35150000223CD /* CacheResponseManager.swift */; };
		18B66C6C28DC7343000D5F79 /* AppDelegate.swift in Sources */ = {isa = PBXBuildFile; fileRef = 18B66C6B28DC7343000D5F79 /* AppDelegate.swift */; };
		18B66C6E28DC7343000D5F79 /* SceneDelegate.swift in Sources */ = {isa = PBXBuildFile; fileRef = 18B66C6D28DC7343000D5F79 /* SceneDelegate.swift */; };
		18B66C7328DC7343000D5F79 /* Main.storyboard in Resources */ = {isa = PBXBuildFile; fileRef = 18B66C7128DC7343000D5F79 /* Main.storyboard */; };
		18B66C7528DC7346000D5F79 /* Assets.xcassets in Resources */ = {isa = PBXBuildFile; fileRef = 18B66C7428DC7346000D5F79 /* Assets.xcassets */; };
		18B66C7828DC7346000D5F79 /* LaunchScreen.storyboard in Resources */ = {isa = PBXBuildFile; fileRef = 18B66C7628DC7346000D5F79 /* LaunchScreen.storyboard */; };
/* End PBXBuildFile section */

/* Begin PBXFileReference section */
		18130AED28E44082000FCD54 /* NetworkService.swift */ = {isa = PBXFileReference; lastKnownFileType = sourcecode.swift; path = NetworkService.swift; sourceTree = "<group>"; };
		18130AEF28E44D6F000FCD54 /* NetworkDataFetcher.swift */ = {isa = PBXFileReference; lastKnownFileType = sourcecode.swift; path = NetworkDataFetcher.swift; sourceTree = "<group>"; };
		18130AF128E4515D000FCD54 /* DataFetcherService.swift */ = {isa = PBXFileReference; lastKnownFileType = sourcecode.swift; path = DataFetcherService.swift; sourceTree = "<group>"; };
		18130AF428E4532E000FCD54 /* SearchTableViewController.swift */ = {isa = PBXFileReference; lastKnownFileType = sourcecode.swift; path = SearchTableViewController.swift; sourceTree = "<group>"; };
		1876014B28E34C0B000223CD /* Audio.swift */ = {isa = PBXFileReference; lastKnownFileType = sourcecode.swift; path = Audio.swift; sourceTree = "<group>"; };
		1876014D28E34C46000223CD /* ItemInfo.swift */ = {isa = PBXFileReference; lastKnownFileType = sourcecode.swift; path = ItemInfo.swift; sourceTree = "<group>"; };
		1876014F28E34C50000223CD /* Track.swift */ = {isa = PBXFileReference; lastKnownFileType = sourcecode.swift; path = Track.swift; sourceTree = "<group>"; };
		1876015128E34C59000223CD /* Album.swift */ = {isa = PBXFileReference; lastKnownFileType = sourcecode.swift; path = Album.swift; sourceTree = "<group>"; };
		1876015328E34C61000223CD /* Images.swift */ = {isa = PBXFileReference; lastKnownFileType = sourcecode.swift; path = Images.swift; sourceTree = "<group>"; };
		1876015528E34C6C000223CD /* Artists.swift */ = {isa = PBXFileReference; lastKnownFileType = sourcecode.swift; path = Artists.swift; sourceTree = "<group>"; };
		1876015C28E35085000223CD /* Constants.swift */ = {isa = PBXFileReference; lastKnownFileType = sourcecode.swift; path = Constants.swift; sourceTree = "<group>"; };
		1876015F28E35150000223CD /* CacheResponseManager.swift */ = {isa = PBXFileReference; lastKnownFileType = sourcecode.swift; path = CacheResponseManager.swift; sourceTree = "<group>"; };
		18B66C6828DC7343000D5F79 /* Half Music App.app */ = {isa = PBXFileReference; explicitFileType = wrapper.application; includeInIndex = 0; path = "Half Music App.app"; sourceTree = BUILT_PRODUCTS_DIR; };
		18B66C6B28DC7343000D5F79 /* AppDelegate.swift */ = {isa = PBXFileReference; lastKnownFileType = sourcecode.swift; path = AppDelegate.swift; sourceTree = "<group>"; };
		18B66C6D28DC7343000D5F79 /* SceneDelegate.swift */ = {isa = PBXFileReference; lastKnownFileType = sourcecode.swift; path = SceneDelegate.swift; sourceTree = "<group>"; };
		18B66C7228DC7343000D5F79 /* Base */ = {isa = PBXFileReference; lastKnownFileType = file.storyboard; name = Base; path = Base.lproj/Main.storyboard; sourceTree = "<group>"; };
		18B66C7428DC7346000D5F79 /* Assets.xcassets */ = {isa = PBXFileReference; lastKnownFileType = folder.assetcatalog; path = Assets.xcassets; sourceTree = "<group>"; };
		18B66C7728DC7346000D5F79 /* Base */ = {isa = PBXFileReference; lastKnownFileType = file.storyboard; name = Base; path = Base.lproj/LaunchScreen.storyboard; sourceTree = "<group>"; };
		18B66C7928DC7346000D5F79 /* Info.plist */ = {isa = PBXFileReference; lastKnownFileType = text.plist.xml; path = Info.plist; sourceTree = "<group>"; };
/* End PBXFileReference section */

/* Begin PBXFrameworksBuildPhase section */
		18B66C6528DC7343000D5F79 /* Frameworks */ = {
			isa = PBXFrameworksBuildPhase;
			buildActionMask = 2147483647;
			files = (
			);
			runOnlyForDeploymentPostprocessing = 0;
		};
/* End PBXFrameworksBuildPhase section */

/* Begin PBXGroup section */
		18130AEC28E4406C000FCD54 /* Services */ = {
			isa = PBXGroup;
			children = (
				18130AF128E4515D000FCD54 /* DataFetcherService.swift */,
				18130AEF28E44D6F000FCD54 /* NetworkDataFetcher.swift */,
				18130AED28E44082000FCD54 /* NetworkService.swift */,
			);
			path = Services;
			sourceTree = "<group>";
		};
		18130AF328E4530D000FCD54 /* Main Controllers */ = {
			isa = PBXGroup;
			children = (
				18130AF428E4532E000FCD54 /* SearchTableViewController.swift */,
			);
			path = "Main Controllers";
			sourceTree = "<group>";
		};
		1876014628E34360000223CD /* Views */ = {
			isa = PBXGroup;
			children = (
				1876015828E34FEB000223CD /* Sign Up */,
				1876015728E34FE2000223CD /* Sign In */,
				1876015A28E35007000223CD /* Onboarding */,
				1876015928E34FF1000223CD /* Main */,
				18B66C7628DC7346000D5F79 /* LaunchScreen.storyboard */,
			);
			path = Views;
			sourceTree = "<group>";
		};
		1876014728E34365000223CD /* Controllers */ = {
			isa = PBXGroup;
			children = (
				18130AF328E4530D000FCD54 /* Main Controllers */,
			);
			path = Controllers;
			sourceTree = "<group>";
		};
		1876014828E3436B000223CD /* Delegates */ = {
			isa = PBXGroup;
			children = (
				18B66C6B28DC7343000D5F79 /* AppDelegate.swift */,
				18B66C6D28DC7343000D5F79 /* SceneDelegate.swift */,
			);
			path = Delegates;
			sourceTree = "<group>";
		};
		1876014928E34BAC000223CD /* Models */ = {
			isa = PBXGroup;
			children = (
				1876014A28E34BB3000223CD /* TrackModels */,
			);
			path = Models;
			sourceTree = "<group>";
		};
		1876014A28E34BB3000223CD /* TrackModels */ = {
			isa = PBXGroup;
			children = (
				1876014B28E34C0B000223CD /* Audio.swift */,
				1876014D28E34C46000223CD /* ItemInfo.swift */,
				1876014F28E34C50000223CD /* Track.swift */,
				1876015128E34C59000223CD /* Album.swift */,
				1876015328E34C61000223CD /* Images.swift */,
				1876015528E34C6C000223CD /* Artists.swift */,
			);
			path = TrackModels;
			sourceTree = "<group>";
		};
		1876015728E34FE2000223CD /* Sign In */ = {
			isa = PBXGroup;
			children = (
			);
			path = "Sign In";
			sourceTree = "<group>";
		};
		1876015828E34FEB000223CD /* Sign Up */ = {
			isa = PBXGroup;
			children = (
			);
			path = "Sign Up";
			sourceTree = "<group>";
		};
		1876015928E34FF1000223CD /* Main */ = {
			isa = PBXGroup;
			children = (
				18B66C7128DC7343000D5F79 /* Main.storyboard */,
			);
			path = Main;
			sourceTree = "<group>";
		};
		1876015A28E35007000223CD /* Onboarding */ = {
			isa = PBXGroup;
			children = (
			);
			path = Onboarding;
			sourceTree = "<group>";
		};
		1876015B28E35029000223CD /* Constants */ = {
			isa = PBXGroup;
			children = (
				1876015C28E35085000223CD /* Constants.swift */,
			);
			path = Constants;
			sourceTree = "<group>";
		};
		1876015E28E3513B000223CD /* Managers */ = {
			isa = PBXGroup;
			children = (
				1876015F28E35150000223CD /* CacheResponseManager.swift */,
			);
			path = Managers;
			sourceTree = "<group>";
		};
		18B66C5F28DC7343000D5F79 = {
			isa = PBXGroup;
			children = (
				18B66C6A28DC7343000D5F79 /* Half Music App */,
				18B66C6928DC7343000D5F79 /* Products */,
			);
			sourceTree = "<group>";
		};
		18B66C6928DC7343000D5F79 /* Products */ = {
			isa = PBXGroup;
			children = (
				18B66C6828DC7343000D5F79 /* Half Music App.app */,
			);
			name = Products;
			sourceTree = "<group>";
		};
		18B66C6A28DC7343000D5F79 /* Half Music App */ = {
			isa = PBXGroup;
			children = (
				18130AEC28E4406C000FCD54 /* Services */,
				1876015E28E3513B000223CD /* Managers */,
				1876015B28E35029000223CD /* Constants */,
				1876014928E34BAC000223CD /* Models */,
				1876014728E34365000223CD /* Controllers */,
				1876014628E34360000223CD /* Views */,
				18B66C7428DC7346000D5F79 /* Assets.xcassets */,
				18B66C7928DC7346000D5F79 /* Info.plist */,
				1876014828E3436B000223CD /* Delegates */,
			);
			path = "Half Music App";
			sourceTree = "<group>";
		};
/* End PBXGroup section */

/* Begin PBXNativeTarget section */
		18B66C6728DC7343000D5F79 /* Half Music App */ = {
			isa = PBXNativeTarget;
			buildConfigurationList = 18B66C7C28DC7346000D5F79 /* Build configuration list for PBXNativeTarget "Half Music App" */;
			buildPhases = (
				18B66C6428DC7343000D5F79 /* Sources */,
				18B66C6528DC7343000D5F79 /* Frameworks */,
				18B66C6628DC7343000D5F79 /* Resources */,
			);
			buildRules = (
			);
			dependencies = (
			);
			name = "Half Music App";
			productName = "Half Music App";
			productReference = 18B66C6828DC7343000D5F79 /* Half Music App.app */;
			productType = "com.apple.product-type.application";
		};
/* End PBXNativeTarget section */

/* Begin PBXProject section */
		18B66C6028DC7343000D5F79 /* Project object */ = {
			isa = PBXProject;
			attributes = {
				BuildIndependentTargetsInParallel = 1;
				LastSwiftUpdateCheck = 1400;
				LastUpgradeCheck = 1400;
				TargetAttributes = {
					18B66C6728DC7343000D5F79 = {
						CreatedOnToolsVersion = 14.0;
					};
				};
			};
			buildConfigurationList = 18B66C6328DC7343000D5F79 /* Build configuration list for PBXProject "Half Music App" */;
			compatibilityVersion = "Xcode 14.0";
			developmentRegion = en;
			hasScannedForEncodings = 0;
			knownRegions = (
				en,
				Base,
			);
			mainGroup = 18B66C5F28DC7343000D5F79;
			productRefGroup = 18B66C6928DC7343000D5F79 /* Products */;
			projectDirPath = "";
			projectRoot = "";
			targets = (
				18B66C6728DC7343000D5F79 /* Half Music App */,
			);
		};
/* End PBXProject section */

/* Begin PBXResourcesBuildPhase section */
		18B66C6628DC7343000D5F79 /* Resources */ = {
			isa = PBXResourcesBuildPhase;
			buildActionMask = 2147483647;
			files = (
				18B66C7828DC7346000D5F79 /* LaunchScreen.storyboard in Resources */,
				18B66C7528DC7346000D5F79 /* Assets.xcassets in Resources */,
				18B66C7328DC7343000D5F79 /* Main.storyboard in Resources */,
			);
			runOnlyForDeploymentPostprocessing = 0;
		};
/* End PBXResourcesBuildPhase section */

/* Begin PBXSourcesBuildPhase section */
		18B66C6428DC7343000D5F79 /* Sources */ = {
			isa = PBXSourcesBuildPhase;
			buildActionMask = 2147483647;
			files = (
				18130AF228E4515D000FCD54 /* DataFetcherService.swift in Sources */,
				18B66C6C28DC7343000D5F79 /* AppDelegate.swift in Sources */,
				1876016028E35150000223CD /* CacheResponseManager.swift in Sources */,
				18130AF528E4532E000FCD54 /* SearchTableViewController.swift in Sources */,
				1876015628E34C6C000223CD /* Artists.swift in Sources */,
				18130AF028E44D6F000FCD54 /* NetworkDataFetcher.swift in Sources */,
				18B66C6E28DC7343000D5F79 /* SceneDelegate.swift in Sources */,
				1876014C28E34C0B000223CD /* Audio.swift in Sources */,
				1876015D28E35085000223CD /* Constants.swift in Sources */,
				1876014E28E34C46000223CD /* ItemInfo.swift in Sources */,
				1876015428E34C61000223CD /* Images.swift in Sources */,
				1876015228E34C59000223CD /* Album.swift in Sources */,
				18130AEE28E44082000FCD54 /* NetworkService.swift in Sources */,
				1876015028E34C50000223CD /* Track.swift in Sources */,
			);
			runOnlyForDeploymentPostprocessing = 0;
		};
/* End PBXSourcesBuildPhase section */

/* Begin PBXVariantGroup section */
		18B66C7128DC7343000D5F79 /* Main.storyboard */ = {
			isa = PBXVariantGroup;
			children = (
				18B66C7228DC7343000D5F79 /* Base */,
			);
			name = Main.storyboard;
			sourceTree = "<group>";
		};
		18B66C7628DC7346000D5F79 /* LaunchScreen.storyboard */ = {
			isa = PBXVariantGroup;
			children = (
				18B66C7728DC7346000D5F79 /* Base */,
			);
			name = LaunchScreen.storyboard;
			sourceTree = "<group>";
		};
/* End PBXVariantGroup section */

/* Begin XCBuildConfiguration section */
		18B66C7A28DC7346000D5F79 /* Debug */ = {
			isa = XCBuildConfiguration;
			buildSettings = {
				ALWAYS_SEARCH_USER_PATHS = NO;
				CLANG_ANALYZER_NONNULL = YES;
				CLANG_ANALYZER_NUMBER_OBJECT_CONVERSION = YES_AGGRESSIVE;
				CLANG_CXX_LANGUAGE_STANDARD = "gnu++20";
				CLANG_ENABLE_MODULES = YES;
				CLANG_ENABLE_OBJC_ARC = YES;
				CLANG_ENABLE_OBJC_WEAK = YES;
				CLANG_WARN_BLOCK_CAPTURE_AUTORELEASING = YES;
				CLANG_WARN_BOOL_CONVERSION = YES;
				CLANG_WARN_COMMA = YES;
				CLANG_WARN_CONSTANT_CONVERSION = YES;
				CLANG_WARN_DEPRECATED_OBJC_IMPLEMENTATIONS = YES;
				CLANG_WARN_DIRECT_OBJC_ISA_USAGE = YES_ERROR;
				CLANG_WARN_DOCUMENTATION_COMMENTS = YES;
				CLANG_WARN_EMPTY_BODY = YES;
				CLANG_WARN_ENUM_CONVERSION = YES;
				CLANG_WARN_INFINITE_RECURSION = YES;
				CLANG_WARN_INT_CONVERSION = YES;
				CLANG_WARN_NON_LITERAL_NULL_CONVERSION = YES;
				CLANG_WARN_OBJC_IMPLICIT_RETAIN_SELF = YES;
				CLANG_WARN_OBJC_LITERAL_CONVERSION = YES;
				CLANG_WARN_OBJC_ROOT_CLASS = YES_ERROR;
				CLANG_WARN_QUOTED_INCLUDE_IN_FRAMEWORK_HEADER = YES;
				CLANG_WARN_RANGE_LOOP_ANALYSIS = YES;
				CLANG_WARN_STRICT_PROTOTYPES = YES;
				CLANG_WARN_SUSPICIOUS_MOVE = YES;
				CLANG_WARN_UNGUARDED_AVAILABILITY = YES_AGGRESSIVE;
				CLANG_WARN_UNREACHABLE_CODE = YES;
				CLANG_WARN__DUPLICATE_METHOD_MATCH = YES;
				COPY_PHASE_STRIP = NO;
				DEBUG_INFORMATION_FORMAT = dwarf;
				ENABLE_STRICT_OBJC_MSGSEND = YES;
				ENABLE_TESTABILITY = YES;
				GCC_C_LANGUAGE_STANDARD = gnu11;
				GCC_DYNAMIC_NO_PIC = NO;
				GCC_NO_COMMON_BLOCKS = YES;
				GCC_OPTIMIZATION_LEVEL = 0;
				GCC_PREPROCESSOR_DEFINITIONS = (
					"DEBUG=1",
					"$(inherited)",
				);
				GCC_WARN_64_TO_32_BIT_CONVERSION = YES;
				GCC_WARN_ABOUT_RETURN_TYPE = YES_ERROR;
				GCC_WARN_UNDECLARED_SELECTOR = YES;
				GCC_WARN_UNINITIALIZED_AUTOS = YES_AGGRESSIVE;
				GCC_WARN_UNUSED_FUNCTION = YES;
				GCC_WARN_UNUSED_VARIABLE = YES;
				IPHONEOS_DEPLOYMENT_TARGET = 16.0;
				MTL_ENABLE_DEBUG_INFO = INCLUDE_SOURCE;
				MTL_FAST_MATH = YES;
				ONLY_ACTIVE_ARCH = YES;
				SDKROOT = iphoneos;
				SWIFT_ACTIVE_COMPILATION_CONDITIONS = DEBUG;
				SWIFT_OPTIMIZATION_LEVEL = "-Onone";
			};
			name = Debug;
		};
		18B66C7B28DC7346000D5F79 /* Release */ = {
			isa = XCBuildConfiguration;
			buildSettings = {
				ALWAYS_SEARCH_USER_PATHS = NO;
				CLANG_ANALYZER_NONNULL = YES;
				CLANG_ANALYZER_NUMBER_OBJECT_CONVERSION = YES_AGGRESSIVE;
				CLANG_CXX_LANGUAGE_STANDARD = "gnu++20";
				CLANG_ENABLE_MODULES = YES;
				CLANG_ENABLE_OBJC_ARC = YES;
				CLANG_ENABLE_OBJC_WEAK = YES;
				CLANG_WARN_BLOCK_CAPTURE_AUTORELEASING = YES;
				CLANG_WARN_BOOL_CONVERSION = YES;
				CLANG_WARN_COMMA = YES;
				CLANG_WARN_CONSTANT_CONVERSION = YES;
				CLANG_WARN_DEPRECATED_OBJC_IMPLEMENTATIONS = YES;
				CLANG_WARN_DIRECT_OBJC_ISA_USAGE = YES_ERROR;
				CLANG_WARN_DOCUMENTATION_COMMENTS = YES;
				CLANG_WARN_EMPTY_BODY = YES;
				CLANG_WARN_ENUM_CONVERSION = YES;
				CLANG_WARN_INFINITE_RECURSION = YES;
				CLANG_WARN_INT_CONVERSION = YES;
				CLANG_WARN_NON_LITERAL_NULL_CONVERSION = YES;
				CLANG_WARN_OBJC_IMPLICIT_RETAIN_SELF = YES;
				CLANG_WARN_OBJC_LITERAL_CONVERSION = YES;
				CLANG_WARN_OBJC_ROOT_CLASS = YES_ERROR;
				CLANG_WARN_QUOTED_INCLUDE_IN_FRAMEWORK_HEADER = YES;
				CLANG_WARN_RANGE_LOOP_ANALYSIS = YES;
				CLANG_WARN_STRICT_PROTOTYPES = YES;
				CLANG_WARN_SUSPICIOUS_MOVE = YES;
				CLANG_WARN_UNGUARDED_AVAILABILITY = YES_AGGRESSIVE;
				CLANG_WARN_UNREACHABLE_CODE = YES;
				CLANG_WARN__DUPLICATE_METHOD_MATCH = YES;
				COPY_PHASE_STRIP = NO;
				DEBUG_INFORMATION_FORMAT = "dwarf-with-dsym";
				ENABLE_NS_ASSERTIONS = NO;
				ENABLE_STRICT_OBJC_MSGSEND = YES;
				GCC_C_LANGUAGE_STANDARD = gnu11;
				GCC_NO_COMMON_BLOCKS = YES;
				GCC_WARN_64_TO_32_BIT_CONVERSION = YES;
				GCC_WARN_ABOUT_RETURN_TYPE = YES_ERROR;
				GCC_WARN_UNDECLARED_SELECTOR = YES;
				GCC_WARN_UNINITIALIZED_AUTOS = YES_AGGRESSIVE;
				GCC_WARN_UNUSED_FUNCTION = YES;
				GCC_WARN_UNUSED_VARIABLE = YES;
				IPHONEOS_DEPLOYMENT_TARGET = 16.0;
				MTL_ENABLE_DEBUG_INFO = NO;
				MTL_FAST_MATH = YES;
				SDKROOT = iphoneos;
				SWIFT_COMPILATION_MODE = wholemodule;
				SWIFT_OPTIMIZATION_LEVEL = "-O";
				VALIDATE_PRODUCT = YES;
			};
			name = Release;
		};
		18B66C7D28DC7346000D5F79 /* Debug */ = {
			isa = XCBuildConfiguration;
			buildSettings = {
				ASSETCATALOG_COMPILER_APPICON_NAME = AppIcon;
				ASSETCATALOG_COMPILER_GLOBAL_ACCENT_COLOR_NAME = AccentColor;
				CODE_SIGN_STYLE = Automatic;
				CURRENT_PROJECT_VERSION = 1;
				DEVELOPMENT_TEAM = H568TQC48W;
				GENERATE_INFOPLIST_FILE = YES;
				INFOPLIST_FILE = "Half Music App/Info.plist";
				INFOPLIST_KEY_UIApplicationSupportsIndirectInputEvents = YES;
				INFOPLIST_KEY_UILaunchStoryboardName = LaunchScreen;
				INFOPLIST_KEY_UIMainStoryboardFile = Main;
				INFOPLIST_KEY_UISupportedInterfaceOrientations_iPad = "UIInterfaceOrientationPortrait UIInterfaceOrientationPortraitUpsideDown UIInterfaceOrientationLandscapeLeft UIInterfaceOrientationLandscapeRight";
				INFOPLIST_KEY_UISupportedInterfaceOrientations_iPhone = "UIInterfaceOrientationPortrait UIInterfaceOrientationLandscapeLeft UIInterfaceOrientationLandscapeRight";
				LD_RUNPATH_SEARCH_PATHS = (
					"$(inherited)",
					"@executable_path/Frameworks",
				);
				MARKETING_VERSION = 1.0;
				PRODUCT_BUNDLE_IDENTIFIER = "KA.Half-Music-App";
				PRODUCT_NAME = "$(TARGET_NAME)";
				SWIFT_EMIT_LOC_STRINGS = YES;
				SWIFT_VERSION = 5.0;
				TARGETED_DEVICE_FAMILY = "1,2";
			};
			name = Debug;
		};
		18B66C7E28DC7346000D5F79 /* Release */ = {
			isa = XCBuildConfiguration;
			buildSettings = {
				ASSETCATALOG_COMPILER_APPICON_NAME = AppIcon;
				ASSETCATALOG_COMPILER_GLOBAL_ACCENT_COLOR_NAME = AccentColor;
				CODE_SIGN_STYLE = Automatic;
				CURRENT_PROJECT_VERSION = 1;
				DEVELOPMENT_TEAM = H568TQC48W;
				GENERATE_INFOPLIST_FILE = YES;
				INFOPLIST_FILE = "Half Music App/Info.plist";
				INFOPLIST_KEY_UIApplicationSupportsIndirectInputEvents = YES;
				INFOPLIST_KEY_UILaunchStoryboardName = LaunchScreen;
				INFOPLIST_KEY_UIMainStoryboardFile = Main;
				INFOPLIST_KEY_UISupportedInterfaceOrientations_iPad = "UIInterfaceOrientationPortrait UIInterfaceOrientationPortraitUpsideDown UIInterfaceOrientationLandscapeLeft UIInterfaceOrientationLandscapeRight";
				INFOPLIST_KEY_UISupportedInterfaceOrientations_iPhone = "UIInterfaceOrientationPortrait UIInterfaceOrientationLandscapeLeft UIInterfaceOrientationLandscapeRight";
				LD_RUNPATH_SEARCH_PATHS = (
					"$(inherited)",
					"@executable_path/Frameworks",
				);
				MARKETING_VERSION = 1.0;
				PRODUCT_BUNDLE_IDENTIFIER = "KA.Half-Music-App";
				PRODUCT_NAME = "$(TARGET_NAME)";
				SWIFT_EMIT_LOC_STRINGS = YES;
				SWIFT_VERSION = 5.0;
				TARGETED_DEVICE_FAMILY = "1,2";
			};
			name = Release;
		};
/* End XCBuildConfiguration section */

/* Begin XCConfigurationList section */
		18B66C6328DC7343000D5F79 /* Build configuration list for PBXProject "Half Music App" */ = {
			isa = XCConfigurationList;
			buildConfigurations = (
				18B66C7A28DC7346000D5F79 /* Debug */,
				18B66C7B28DC7346000D5F79 /* Release */,
			);
			defaultConfigurationIsVisible = 0;
			defaultConfigurationName = Release;
		};
		18B66C7C28DC7346000D5F79 /* Build configuration list for PBXNativeTarget "Half Music App" */ = {
			isa = XCConfigurationList;
			buildConfigurations = (
				18B66C7D28DC7346000D5F79 /* Debug */,
				18B66C7E28DC7346000D5F79 /* Release */,
			);
			defaultConfigurationIsVisible = 0;
			defaultConfigurationName = Release;
		};
/* End XCConfigurationList section */
	};
	rootObject = 18B66C6028DC7343000D5F79 /* Project object */;
}
